
Microsoft Visual Studio Solution File, Format Version 12.00
# Visual Studio 2012
Project("{FAE04EC0-301F-11D3-BF4B-00C04F79EFBC}") = "HealthKitSample", "HealthKitSample\HealthKitSample.csproj", "{3B7D2E42-4CE5-4F68-8AEF-8D1A15F0E48C}"
EndProject
Global
	GlobalSection(SolutionConfigurationPlatforms) = preSolution
		Debug|iPhoneSimulator = Debug|iPhoneSimulator
		Release|iPhone = Release|iPhone
		Release|iPhoneSimulator = Release|iPhoneSimulator
		Debug|iPhone = Debug|iPhone
	EndGlobalSection
	GlobalSection(ProjectConfigurationPlatforms) = postSolution
		{3B7D2E42-4CE5-4F68-8AEF-8D1A15F0E48C}.Debug|iPhone.ActiveCfg = Debug|iPhone
		{3B7D2E42-4CE5-4F68-8AEF-8D1A15F0E48C}.Debug|iPhone.Build.0 = Debug|iPhone
		{3B7D2E42-4CE5-4F68-8AEF-8D1A15F0E48C}.Debug|iPhoneSimulator.ActiveCfg = Debug|iPhoneSimulator
		{3B7D2E42-4CE5-4F68-8AEF-8D1A15F0E48C}.Debug|iPhoneSimulator.Build.0 = Debug|iPhoneSimulator
		{3B7D2E42-4CE5-4F68-8AEF-8D1A15F0E48C}.Release|iPhone.ActiveCfg = Release|iPhone
		{3B7D2E42-4CE5-4F68-8AEF-8D1A15F0E48C}.Release|iPhone.Build.0 = Release|iPhone
		{3B7D2E42-4CE5-4F68-8AEF-8D1A15F0E48C}.Release|iPhoneSimulator.ActiveCfg = Release|iPhoneSimulator
		{3B7D2E42-4CE5-4F68-8AEF-8D1A15F0E48C}.Release|iPhoneSimulator.Build.0 = Release|iPhoneSimulator
	EndGlobalSection
EndGlobal
